
Microsoft Visual Studio Solution File, Format Version 12.00
# Visual Studio Version 17
VisualStudioVersion = 17.7.34031.279
MinimumVisualStudioVersion = 10.0.40219.1
Project("{9A19103F-16F7-4668-BE54-9A1E7A4F7556}") = "AirportBackend", "AirportBackend.csproj", "{A4982755-1BDA-415A-9A20-29C0D17FCF59}"
EndProject
Global
	GlobalSection(SolutionConfigurationPlatforms) = preSolution
		Debug|Any CPU = Debug|Any CPU
		Release|Any CPU = Release|Any CPU
	EndGlobalSection
	GlobalSection(ProjectConfigurationPlatforms) = postSolution
		{A4982755-1BDA-415A-9A20-29C0D17FCF59}.Debug|Any CPU.ActiveCfg = Debug|Any CPU
		{A4982755-1BDA-415A-9A20-29C0D17FCF59}.Debug|Any CPU.Build.0 = Debug|Any CPU
		{A4982755-1BDA-415A-9A20-29C0D17FCF59}.Release|Any CPU.ActiveCfg = Release|Any CPU
		{A4982755-1BDA-415A-9A20-29C0D17FCF59}.Release|Any CPU.Build.0 = Release|Any CPU
	EndGlobalSection
	GlobalSection(SolutionProperties) = preSolution
		HideSolutionNode = FALSE
	EndGlobalSection
	GlobalSection(ExtensibilityGlobals) = postSolution
		SolutionGuid = {9EFB2467-30AE-42A8-98C8-DC4BD3D96204}
	EndGlobalSection
EndGlobal
